// !$*UTF8*$!
{
	archiveVersion = 1;
	classes = {
	};
	objectVersion = 77;
	objects = {

/* Begin PBXBuildFile section */
		C0F96C8B2E6078EA00DBC146 /* Swinject in Frameworks */ = {isa = PBXBuildFile; productRef = C0F96C8A2E6078EA00DBC146 /* Swinject */; };
		C0F96C8E2E60791700DBC146 /* OHHTTPStubs in Frameworks */ = {isa = PBXBuildFile; productRef = C0F96C8D2E60791700DBC146 /* OHHTTPStubs */; };
		C0F96C902E60791700DBC146 /* OHHTTPStubsSwift in Frameworks */ = {isa = PBXBuildFile; productRef = C0F96C8F2E60791700DBC146 /* OHHTTPStubsSwift */; };
/* End PBXBuildFile section */

/* Begin PBXContainerItemProxy section */
		C0F96C6D2E6076DA00DBC146 /* PBXContainerItemProxy */ = {
			isa = PBXContainerItemProxy;
			containerPortal = C0F96C572E6076D900DBC146 /* Project object */;
			proxyType = 1;
			remoteGlobalIDString = C0F96C5E2E6076D900DBC146;
			remoteInfo = "star-wars-simple-wiki";
		};
		C0F96C772E6076DA00DBC146 /* PBXContainerItemProxy */ = {
			isa = PBXContainerItemProxy;
			containerPortal = C0F96C572E6076D900DBC146 /* Project object */;
			proxyType = 1;
			remoteGlobalIDString = C0F96C5E2E6076D900DBC146;
			remoteInfo = "star-wars-simple-wiki";
		};
/* End PBXContainerItemProxy section */

/* Begin PBXFileReference section */
		C0F96C5F2E6076D900DBC146 /* star-wars-simple-wiki.app */ = {isa = PBXFileReference; explicitFileType = wrapper.application; includeInIndex = 0; path = "star-wars-simple-wiki.app"; sourceTree = BUILT_PRODUCTS_DIR; };
		C0F96C6C2E6076DA00DBC146 /* star-wars-simple-wikiTests.xctest */ = {isa = PBXFileReference; explicitFileType = wrapper.cfbundle; includeInIndex = 0; path = "star-wars-simple-wikiTests.xctest"; sourceTree = BUILT_PRODUCTS_DIR; };
		C0F96C762E6076DA00DBC146 /* star-wars-simple-wikiUITests.xctest */ = {isa = PBXFileReference; explicitFileType = wrapper.cfbundle; includeInIndex = 0; path = "star-wars-simple-wikiUITests.xctest"; sourceTree = BUILT_PRODUCTS_DIR; };
/* End PBXFileReference section */

/* Begin PBXFileSystemSynchronizedRootGroup section */
		C0F96C612E6076D900DBC146 /* star-wars-simple-wiki */ = {
			isa = PBXFileSystemSynchronizedRootGroup;
			path = "star-wars-simple-wiki";
			sourceTree = "<group>";
		};
		C0F96C6F2E6076DA00DBC146 /* star-wars-simple-wikiTests */ = {
			isa = PBXFileSystemSynchronizedRootGroup;
			path = "star-wars-simple-wikiTests";
			sourceTree = "<group>";
		};
		C0F96C792E6076DA00DBC146 /* star-wars-simple-wikiUITests */ = {
			isa = PBXFileSystemSynchronizedRootGroup;
			path = "star-wars-simple-wikiUITests";
			sourceTree = "<group>";
		};
/* End PBXFileSystemSynchronizedRootGroup section */

/* Begin PBXFrameworksBuildPhase section */
		C0F96C5C2E6076D900DBC146 /* Frameworks */ = {
			isa = PBXFrameworksBuildPhase;
			buildActionMask = 2147483647;
			files = (
				C0F96C8B2E6078EA00DBC146 /* Swinject in Frameworks */,
				C0F96C902E60791700DBC146 /* OHHTTPStubsSwift in Frameworks */,
				C0F96C8E2E60791700DBC146 /* OHHTTPStubs in Frameworks */,
			);
			runOnlyForDeploymentPostprocessing = 0;
		};
		C0F96C692E6076DA00DBC146 /* Frameworks */ = {
			isa = PBXFrameworksBuildPhase;
			buildActionMask = 2147483647;
			files = (
			);
			runOnlyForDeploymentPostprocessing = 0;
		};
		C0F96C732E6076DA00DBC146 /* Frameworks */ = {
			isa = PBXFrameworksBuildPhase;
			buildActionMask = 2147483647;
			files = (
			);
			runOnlyForDeploymentPostprocessing = 0;
		};
/* End PBXFrameworksBuildPhase section */

/* Begin PBXGroup section */
		C0F96C562E6076D900DBC146 = {
			isa = PBXGroup;
			children = (
				C0F96C612E6076D900DBC146 /* star-wars-simple-wiki */,
				C0F96C6F2E6076DA00DBC146 /* star-wars-simple-wikiTests */,
				C0F96C792E6076DA00DBC146 /* star-wars-simple-wikiUITests */,
				C0F96C602E6076D900DBC146 /* Products */,
			);
			sourceTree = "<group>";
		};
		C0F96C602E6076D900DBC146 /* Products */ = {
			isa = PBXGroup;
			children = (
				C0F96C5F2E6076D900DBC146 /* star-wars-simple-wiki.app */,
				C0F96C6C2E6076DA00DBC146 /* star-wars-simple-wikiTests.xctest */,
				C0F96C762E6076DA00DBC146 /* star-wars-simple-wikiUITests.xctest */,
			);
			name = Products;
			sourceTree = "<group>";
		};
/* End PBXGroup section */

/* Begin PBXNativeTarget section */
		C0F96C5E2E6076D900DBC146 /* star-wars-simple-wiki */ = {
			isa = PBXNativeTarget;
			buildConfigurationList = C0F96C802E6076DA00DBC146 /* Build configuration list for PBXNativeTarget "star-wars-simple-wiki" */;
			buildPhases = (
				C0F96C5B2E6076D900DBC146 /* Sources */,
				C0F96C5C2E6076D900DBC146 /* Frameworks */,
				C0F96C5D2E6076D900DBC146 /* Resources */,
				C03CD0492E60798000E32C7F /* Swiftlint */,
			);
			buildRules = (
			);
			dependencies = (
			);
			fileSystemSynchronizedGroups = (
				C0F96C612E6076D900DBC146 /* star-wars-simple-wiki */,
			);
			name = "star-wars-simple-wiki";
			packageProductDependencies = (
				C0F96C8A2E6078EA00DBC146 /* Swinject */,
				C0F96C8D2E60791700DBC146 /* OHHTTPStubs */,
				C0F96C8F2E60791700DBC146 /* OHHTTPStubsSwift */,
			);
			productName = "star-wars-simple-wiki";
			productReference = C0F96C5F2E6076D900DBC146 /* star-wars-simple-wiki.app */;
			productType = "com.apple.product-type.application";
		};
		C0F96C6B2E6076DA00DBC146 /* star-wars-simple-wikiTests */ = {
			isa = PBXNativeTarget;
			buildConfigurationList = C0F96C832E6076DA00DBC146 /* Build configuration list for PBXNativeTarget "star-wars-simple-wikiTests" */;
			buildPhases = (
				C0F96C682E6076DA00DBC146 /* Sources */,
				C0F96C692E6076DA00DBC146 /* Frameworks */,
				C0F96C6A2E6076DA00DBC146 /* Resources */,
			);
			buildRules = (
			);
			dependencies = (
				C0F96C6E2E6076DA00DBC146 /* PBXTargetDependency */,
			);
			fileSystemSynchronizedGroups = (
				C0F96C6F2E6076DA00DBC146 /* star-wars-simple-wikiTests */,
			);
			name = "star-wars-simple-wikiTests";
			packageProductDependencies = (
			);
			productName = "star-wars-simple-wikiTests";
			productReference = C0F96C6C2E6076DA00DBC146 /* star-wars-simple-wikiTests.xctest */;
			productType = "com.apple.product-type.bundle.unit-test";
		};
		C0F96C752E6076DA00DBC146 /* star-wars-simple-wikiUITests */ = {
			isa = PBXNativeTarget;
			buildConfigurationList = C0F96C862E6076DA00DBC146 /* Build configuration list for PBXNativeTarget "star-wars-simple-wikiUITests" */;
			buildPhases = (
				C0F96C722E6076DA00DBC146 /* Sources */,
				C0F96C732E6076DA00DBC146 /* Frameworks */,
				C0F96C742E6076DA00DBC146 /* Resources */,
			);
			buildRules = (
			);
			dependencies = (
				C0F96C782E6076DA00DBC146 /* PBXTargetDependency */,
			);
			fileSystemSynchronizedGroups = (
				C0F96C792E6076DA00DBC146 /* star-wars-simple-wikiUITests */,
			);
			name = "star-wars-simple-wikiUITests";
			packageProductDependencies = (
			);
			productName = "star-wars-simple-wikiUITests";
			productReference = C0F96C762E6076DA00DBC146 /* star-wars-simple-wikiUITests.xctest */;
			productType = "com.apple.product-type.bundle.ui-testing";
		};
/* End PBXNativeTarget section */

/* Begin PBXProject section */
		C0F96C572E6076D900DBC146 /* Project object */ = {
			isa = PBXProject;
			attributes = {
				BuildIndependentTargetsInParallel = 1;
				LastSwiftUpdateCheck = 1640;
				LastUpgradeCheck = 1640;
				TargetAttributes = {
					C0F96C5E2E6076D900DBC146 = {
						CreatedOnToolsVersion = 16.4;
					};
					C0F96C6B2E6076DA00DBC146 = {
						CreatedOnToolsVersion = 16.4;
						TestTargetID = C0F96C5E2E6076D900DBC146;
					};
					C0F96C752E6076DA00DBC146 = {
						CreatedOnToolsVersion = 16.4;
						TestTargetID = C0F96C5E2E6076D900DBC146;
					};
				};
			};
			buildConfigurationList = C0F96C5A2E6076D900DBC146 /* Build configuration list for PBXProject "star-wars-simple-wiki" */;
			developmentRegion = en;
			hasScannedForEncodings = 0;
			knownRegions = (
				en,
				Base,
			);
			mainGroup = C0F96C562E6076D900DBC146;
			minimizedProjectReferenceProxies = 1;
			packageReferences = (
				C0F96C892E6078EA00DBC146 /* XCRemoteSwiftPackageReference "Swinject" */,
				C0F96C8C2E60791700DBC146 /* XCRemoteSwiftPackageReference "OHHTTPStubs" */,
				C0F96C912E60793000DBC146 /* XCRemoteSwiftPackageReference "Reachability" */,
			);
			preferredProjectObjectVersion = 77;
			productRefGroup = C0F96C602E6076D900DBC146 /* Products */;
			projectDirPath = "";
			projectRoot = "";
			targets = (
				C0F96C5E2E6076D900DBC146 /* star-wars-simple-wiki */,
				C0F96C6B2E6076DA00DBC146 /* star-wars-simple-wikiTests */,
				C0F96C752E6076DA00DBC146 /* star-wars-simple-wikiUITests */,
			);
		};
/* End PBXProject section */

/* Begin PBXResourcesBuildPhase section */
		C0F96C5D2E6076D900DBC146 /* Resources */ = {
			isa = PBXResourcesBuildPhase;
			buildActionMask = 2147483647;
			files = (
			);
			runOnlyForDeploymentPostprocessing = 0;
		};
		C0F96C6A2E6076DA00DBC146 /* Resources */ = {
			isa = PBXResourcesBuildPhase;
			buildActionMask = 2147483647;
			files = (
			);
			runOnlyForDeploymentPostprocessing = 0;
		};
		C0F96C742E6076DA00DBC146 /* Resources */ = {
			isa = PBXResourcesBuildPhase;
			buildActionMask = 2147483647;
			files = (
			);
			runOnlyForDeploymentPostprocessing = 0;
		};
/* End PBXResourcesBuildPhase section */

/* Begin PBXShellScriptBuildPhase section */
		C03CD0492E60798000E32C7F /* Swiftlint */ = {
			isa = PBXShellScriptBuildPhase;
			alwaysOutOfDate = 1;
			buildActionMask = 2147483647;
			files = (
			);
			inputFileListPaths = (
			);
			inputPaths = (
			);
			name = Swiftlint;
			outputFileListPaths = (
			);
			outputPaths = (
			);
			runOnlyForDeploymentPostprocessing = 0;
			shellPath = /bin/sh;
			shellScript = "export PATH=\"$PATH:/opt/homebrew/bin:/usr/local/bin\"\n\nif which swiftlint >/dev/null; then\n  # Add .swiftlint.yml for custom rules\n  swiftlint || true\nelse\n  echo \"warning: SwiftLint no està instal·lat. Instala'l amb 'brew install swiftlint'.\"\nfi\n";
		};
/* End PBXShellScriptBuildPhase section */

/* Begin PBXSourcesBuildPhase section */
		C0F96C5B2E6076D900DBC146 /* Sources */ = {
			isa = PBXSourcesBuildPhase;
			buildActionMask = 2147483647;
			files = (
			);
			runOnlyForDeploymentPostprocessing = 0;
		};
		C0F96C682E6076DA00DBC146 /* Sources */ = {
			isa = PBXSourcesBuildPhase;
			buildActionMask = 2147483647;
			files = (
			);
			runOnlyForDeploymentPostprocessing = 0;
		};
		C0F96C722E6076DA00DBC146 /* Sources */ = {
			isa = PBXSourcesBuildPhase;
			buildActionMask = 2147483647;
			files = (
			);
			runOnlyForDeploymentPostprocessing = 0;
		};
/* End PBXSourcesBuildPhase section */

/* Begin PBXTargetDependency section */
		C0F96C6E2E6076DA00DBC146 /* PBXTargetDependency */ = {
			isa = PBXTargetDependency;
			target = C0F96C5E2E6076D900DBC146 /* star-wars-simple-wiki */;
			targetProxy = C0F96C6D2E6076DA00DBC146 /* PBXContainerItemProxy */;
		};
		C0F96C782E6076DA00DBC146 /* PBXTargetDependency */ = {
			isa = PBXTargetDependency;
			target = C0F96C5E2E6076D900DBC146 /* star-wars-simple-wiki */;
			targetProxy = C0F96C772E6076DA00DBC146 /* PBXContainerItemProxy */;
		};
/* End PBXTargetDependency section */

/* Begin XCBuildConfiguration section */
		C0F96C7E2E6076DA00DBC146 /* Debug */ = {
			isa = XCBuildConfiguration;
			buildSettings = {
				ALWAYS_SEARCH_USER_PATHS = NO;
				ASSETCATALOG_COMPILER_GENERATE_SWIFT_ASSET_SYMBOL_EXTENSIONS = YES;
				CLANG_ANALYZER_NONNULL = YES;
				CLANG_ANALYZER_NUMBER_OBJECT_CONVERSION = YES_AGGRESSIVE;
				CLANG_CXX_LANGUAGE_STANDARD = "gnu++20";
				CLANG_ENABLE_MODULES = YES;
				CLANG_ENABLE_OBJC_ARC = YES;
				CLANG_ENABLE_OBJC_WEAK = YES;
				CLANG_WARN_BLOCK_CAPTURE_AUTORELEASING = YES;
				CLANG_WARN_BOOL_CONVERSION = YES;
				CLANG_WARN_COMMA = YES;
				CLANG_WARN_CONSTANT_CONVERSION = YES;
				CLANG_WARN_DEPRECATED_OBJC_IMPLEMENTATIONS = YES;
				CLANG_WARN_DIRECT_OBJC_ISA_USAGE = YES_ERROR;
				CLANG_WARN_DOCUMENTATION_COMMENTS = YES;
				CLANG_WARN_EMPTY_BODY = YES;
				CLANG_WARN_ENUM_CONVERSION = YES;
				CLANG_WARN_INFINITE_RECURSION = YES;
				CLANG_WARN_INT_CONVERSION = YES;
				CLANG_WARN_NON_LITERAL_NULL_CONVERSION = YES;
				CLANG_WARN_OBJC_IMPLICIT_RETAIN_SELF = YES;
				CLANG_WARN_OBJC_LITERAL_CONVERSION = YES;
				CLANG_WARN_OBJC_ROOT_CLASS = YES_ERROR;
				CLANG_WARN_QUOTED_INCLUDE_IN_FRAMEWORK_HEADER = YES;
				CLANG_WARN_RANGE_LOOP_ANALYSIS = YES;
				CLANG_WARN_STRICT_PROTOTYPES = YES;
				CLANG_WARN_SUSPICIOUS_MOVE = YES;
				CLANG_WARN_UNGUARDED_AVAILABILITY = YES_AGGRESSIVE;
				CLANG_WARN_UNREACHABLE_CODE = YES;
				CLANG_WARN__DUPLICATE_METHOD_MATCH = YES;
				COPY_PHASE_STRIP = NO;
				DEBUG_INFORMATION_FORMAT = dwarf;
				DEVELOPMENT_TEAM = 6W4D668732;
				ENABLE_STRICT_OBJC_MSGSEND = YES;
				ENABLE_TESTABILITY = YES;
				ENABLE_USER_SCRIPT_SANDBOXING = YES;
				GCC_C_LANGUAGE_STANDARD = gnu17;
				GCC_DYNAMIC_NO_PIC = NO;
				GCC_NO_COMMON_BLOCKS = YES;
				GCC_OPTIMIZATION_LEVEL = 0;
				GCC_PREPROCESSOR_DEFINITIONS = (
					"DEBUG=1",
					"$(inherited)",
				);
				GCC_WARN_64_TO_32_BIT_CONVERSION = YES;
				GCC_WARN_ABOUT_RETURN_TYPE = YES_ERROR;
				GCC_WARN_UNDECLARED_SELECTOR = YES;
				GCC_WARN_UNINITIALIZED_AUTOS = YES_AGGRESSIVE;
				GCC_WARN_UNUSED_FUNCTION = YES;
				GCC_WARN_UNUSED_VARIABLE = YES;
				IPHONEOS_DEPLOYMENT_TARGET = 18.5;
				LOCALIZATION_PREFERS_STRING_CATALOGS = YES;
				MTL_ENABLE_DEBUG_INFO = INCLUDE_SOURCE;
				MTL_FAST_MATH = YES;
				ONLY_ACTIVE_ARCH = YES;
				SDKROOT = iphoneos;
				SWIFT_ACTIVE_COMPILATION_CONDITIONS = "DEBUG $(inherited)";
				SWIFT_OPTIMIZATION_LEVEL = "-Onone";
			};
			name = Debug;
		};
		C0F96C7F2E6076DA00DBC146 /* Release */ = {
			isa = XCBuildConfiguration;
			buildSettings = {
				ALWAYS_SEARCH_USER_PATHS = NO;
				ASSETCATALOG_COMPILER_GENERATE_SWIFT_ASSET_SYMBOL_EXTENSIONS = YES;
				CLANG_ANALYZER_NONNULL = YES;
				CLANG_ANALYZER_NUMBER_OBJECT_CONVERSION = YES_AGGRESSIVE;
				CLANG_CXX_LANGUAGE_STANDARD = "gnu++20";
				CLANG_ENABLE_MODULES = YES;
				CLANG_ENABLE_OBJC_ARC = YES;
				CLANG_ENABLE_OBJC_WEAK = YES;
				CLANG_WARN_BLOCK_CAPTURE_AUTORELEASING = YES;
				CLANG_WARN_BOOL_CONVERSION = YES;
				CLANG_WARN_COMMA = YES;
				CLANG_WARN_CONSTANT_CONVERSION = YES;
				CLANG_WARN_DEPRECATED_OBJC_IMPLEMENTATIONS = YES;
				CLANG_WARN_DIRECT_OBJC_ISA_USAGE = YES_ERROR;
				CLANG_WARN_DOCUMENTATION_COMMENTS = YES;
				CLANG_WARN_EMPTY_BODY = YES;
				CLANG_WARN_ENUM_CONVERSION = YES;
				CLANG_WARN_INFINITE_RECURSION = YES;
				CLANG_WARN_INT_CONVERSION = YES;
				CLANG_WARN_NON_LITERAL_NULL_CONVERSION = YES;
				CLANG_WARN_OBJC_IMPLICIT_RETAIN_SELF = YES;
				CLANG_WARN_OBJC_LITERAL_CONVERSION = YES;
				CLANG_WARN_OBJC_ROOT_CLASS = YES_ERROR;
				CLANG_WARN_QUOTED_INCLUDE_IN_FRAMEWORK_HEADER = YES;
				CLANG_WARN_RANGE_LOOP_ANALYSIS = YES;
				CLANG_WARN_STRICT_PROTOTYPES = YES;
				CLANG_WARN_SUSPICIOUS_MOVE = YES;
				CLANG_WARN_UNGUARDED_AVAILABILITY = YES_AGGRESSIVE;
				CLANG_WARN_UNREACHABLE_CODE = YES;
				CLANG_WARN__DUPLICATE_METHOD_MATCH = YES;
				COPY_PHASE_STRIP = NO;
				DEBUG_INFORMATION_FORMAT = "dwarf-with-dsym";
				DEVELOPMENT_TEAM = 6W4D668732;
				ENABLE_NS_ASSERTIONS = NO;
				ENABLE_STRICT_OBJC_MSGSEND = YES;
				ENABLE_USER_SCRIPT_SANDBOXING = YES;
				GCC_C_LANGUAGE_STANDARD = gnu17;
				GCC_NO_COMMON_BLOCKS = YES;
				GCC_WARN_64_TO_32_BIT_CONVERSION = YES;
				GCC_WARN_ABOUT_RETURN_TYPE = YES_ERROR;
				GCC_WARN_UNDECLARED_SELECTOR = YES;
				GCC_WARN_UNINITIALIZED_AUTOS = YES_AGGRESSIVE;
				GCC_WARN_UNUSED_FUNCTION = YES;
				GCC_WARN_UNUSED_VARIABLE = YES;
				IPHONEOS_DEPLOYMENT_TARGET = 18.5;
				LOCALIZATION_PREFERS_STRING_CATALOGS = YES;
				MTL_ENABLE_DEBUG_INFO = NO;
				MTL_FAST_MATH = YES;
				SDKROOT = iphoneos;
				SWIFT_COMPILATION_MODE = wholemodule;
				VALIDATE_PRODUCT = YES;
			};
			name = Release;
		};
		C0F96C812E6076DA00DBC146 /* Debug */ = {
			isa = XCBuildConfiguration;
			buildSettings = {
				ASSETCATALOG_COMPILER_APPICON_NAME = AppIcon;
				ASSETCATALOG_COMPILER_GLOBAL_ACCENT_COLOR_NAME = AccentColor;
				CODE_SIGN_STYLE = Automatic;
				CURRENT_PROJECT_VERSION = 1;
				DEVELOPMENT_TEAM = 6W4D668732;
				ENABLE_PREVIEWS = YES;
				GENERATE_INFOPLIST_FILE = YES;
				INFOPLIST_KEY_UIApplicationSceneManifest_Generation = YES;
				INFOPLIST_KEY_UIApplicationSupportsIndirectInputEvents = YES;
				INFOPLIST_KEY_UILaunchScreen_Generation = YES;
				INFOPLIST_KEY_UISupportedInterfaceOrientations_iPad = "UIInterfaceOrientationPortrait UIInterfaceOrientationPortraitUpsideDown UIInterfaceOrientationLandscapeLeft UIInterfaceOrientationLandscapeRight";
				INFOPLIST_KEY_UISupportedInterfaceOrientations_iPhone = "UIInterfaceOrientationPortrait UIInterfaceOrientationLandscapeLeft UIInterfaceOrientationLandscapeRight";
				LD_RUNPATH_SEARCH_PATHS = (
					"$(inherited)",
					"@executable_path/Frameworks",
				);
				MARKETING_VERSION = 1.0;
				PRODUCT_BUNDLE_IDENTIFIER = "com.enric.star-wars-simple-wiki";
				PRODUCT_NAME = "$(TARGET_NAME)";
				SWIFT_EMIT_LOC_STRINGS = YES;
				SWIFT_VERSION = 5.0;
				TARGETED_DEVICE_FAMILY = "1,2";
			};
			name = Debug;
		};
		C0F96C822E6076DA00DBC146 /* Release */ = {
			isa = XCBuildConfiguration;
			buildSettings = {
				ASSETCATALOG_COMPILER_APPICON_NAME = AppIcon;
				ASSETCATALOG_COMPILER_GLOBAL_ACCENT_COLOR_NAME = AccentColor;
				CODE_SIGN_STYLE = Automatic;
				CURRENT_PROJECT_VERSION = 1;
				DEVELOPMENT_TEAM = 6W4D668732;
				ENABLE_PREVIEWS = YES;
				GENERATE_INFOPLIST_FILE = YES;
				INFOPLIST_KEY_UIApplicationSceneManifest_Generation = YES;
				INFOPLIST_KEY_UIApplicationSupportsIndirectInputEvents = YES;
				INFOPLIST_KEY_UILaunchScreen_Generation = YES;
				INFOPLIST_KEY_UISupportedInterfaceOrientations_iPad = "UIInterfaceOrientationPortrait UIInterfaceOrientationPortraitUpsideDown UIInterfaceOrientationLandscapeLeft UIInterfaceOrientationLandscapeRight";
				INFOPLIST_KEY_UISupportedInterfaceOrientations_iPhone = "UIInterfaceOrientationPortrait UIInterfaceOrientationLandscapeLeft UIInterfaceOrientationLandscapeRight";
				LD_RUNPATH_SEARCH_PATHS = (
					"$(inherited)",
					"@executable_path/Frameworks",
				);
				MARKETING_VERSION = 1.0;
				PRODUCT_BUNDLE_IDENTIFIER = "com.enric.star-wars-simple-wiki";
				PRODUCT_NAME = "$(TARGET_NAME)";
				SWIFT_EMIT_LOC_STRINGS = YES;
				SWIFT_VERSION = 5.0;
				TARGETED_DEVICE_FAMILY = "1,2";
			};
			name = Release;
		};
		C0F96C842E6076DA00DBC146 /* Debug */ = {
			isa = XCBuildConfiguration;
			buildSettings = {
				BUNDLE_LOADER = "$(TEST_HOST)";
				CODE_SIGN_STYLE = Automatic;
				CURRENT_PROJECT_VERSION = 1;
				DEVELOPMENT_TEAM = 6W4D668732;
				GENERATE_INFOPLIST_FILE = YES;
				IPHONEOS_DEPLOYMENT_TARGET = 18.5;
				MARKETING_VERSION = 1.0;
				PRODUCT_BUNDLE_IDENTIFIER = "com.enric.star-wars-simple-wikiTests";
				PRODUCT_NAME = "$(TARGET_NAME)";
				SWIFT_EMIT_LOC_STRINGS = NO;
				SWIFT_VERSION = 5.0;
				TARGETED_DEVICE_FAMILY = "1,2";
				TEST_HOST = "$(BUILT_PRODUCTS_DIR)/star-wars-simple-wiki.app/$(BUNDLE_EXECUTABLE_FOLDER_PATH)/star-wars-simple-wiki";
			};
			name = Debug;
		};
		C0F96C852E6076DA00DBC146 /* Release */ = {
			isa = XCBuildConfiguration;
			buildSettings = {
				BUNDLE_LOADER = "$(TEST_HOST)";
				CODE_SIGN_STYLE = Automatic;
				CURRENT_PROJECT_VERSION = 1;
				DEVELOPMENT_TEAM = 6W4D668732;
				GENERATE_INFOPLIST_FILE = YES;
				IPHONEOS_DEPLOYMENT_TARGET = 18.5;
				MARKETING_VERSION = 1.0;
				PRODUCT_BUNDLE_IDENTIFIER = "com.enric.star-wars-simple-wikiTests";
				PRODUCT_NAME = "$(TARGET_NAME)";
				SWIFT_EMIT_LOC_STRINGS = NO;
				SWIFT_VERSION = 5.0;
				TARGETED_DEVICE_FAMILY = "1,2";
				TEST_HOST = "$(BUILT_PRODUCTS_DIR)/star-wars-simple-wiki.app/$(BUNDLE_EXECUTABLE_FOLDER_PATH)/star-wars-simple-wiki";
			};
			name = Release;
		};
		C0F96C872E6076DA00DBC146 /* Debug */ = {
			isa = XCBuildConfiguration;
			buildSettings = {
				CODE_SIGN_STYLE = Automatic;
				CURRENT_PROJECT_VERSION = 1;
				DEVELOPMENT_TEAM = 6W4D668732;
				GENERATE_INFOPLIST_FILE = YES;
				MARKETING_VERSION = 1.0;
				PRODUCT_BUNDLE_IDENTIFIER = "com.enric.star-wars-simple-wikiUITests";
				PRODUCT_NAME = "$(TARGET_NAME)";
				SWIFT_EMIT_LOC_STRINGS = NO;
				SWIFT_VERSION = 5.0;
				TARGETED_DEVICE_FAMILY = "1,2";
				TEST_TARGET_NAME = "star-wars-simple-wiki";
			};
			name = Debug;
		};
		C0F96C882E6076DA00DBC146 /* Release */ = {
			isa = XCBuildConfiguration;
			buildSettings = {
				CODE_SIGN_STYLE = Automatic;
				CURRENT_PROJECT_VERSION = 1;
				DEVELOPMENT_TEAM = 6W4D668732;
				GENERATE_INFOPLIST_FILE = YES;
				MARKETING_VERSION = 1.0;
				PRODUCT_BUNDLE_IDENTIFIER = "com.enric.star-wars-simple-wikiUITests";
				PRODUCT_NAME = "$(TARGET_NAME)";
				SWIFT_EMIT_LOC_STRINGS = NO;
				SWIFT_VERSION = 5.0;
				TARGETED_DEVICE_FAMILY = "1,2";
				TEST_TARGET_NAME = "star-wars-simple-wiki";
			};
			name = Release;
		};
/* End XCBuildConfiguration section */

/* Begin XCConfigurationList section */
		C0F96C5A2E6076D900DBC146 /* Build configuration list for PBXProject "star-wars-simple-wiki" */ = {
			isa = XCConfigurationList;
			buildConfigurations = (
				C0F96C7E2E6076DA00DBC146 /* Debug */,
				C0F96C7F2E6076DA00DBC146 /* Release */,
			);
			defaultConfigurationIsVisible = 0;
			defaultConfigurationName = Release;
		};
		C0F96C802E6076DA00DBC146 /* Build configuration list for PBXNativeTarget "star-wars-simple-wiki" */ = {
			isa = XCConfigurationList;
			buildConfigurations = (
				C0F96C812E6076DA00DBC146 /* Debug */,
				C0F96C822E6076DA00DBC146 /* Release */,
			);
			defaultConfigurationIsVisible = 0;
			defaultConfigurationName = Release;
		};
		C0F96C832E6076DA00DBC146 /* Build configuration list for PBXNativeTarget "star-wars-simple-wikiTests" */ = {
			isa = XCConfigurationList;
			buildConfigurations = (
				C0F96C842E6076DA00DBC146 /* Debug */,
				C0F96C852E6076DA00DBC146 /* Release */,
			);
			defaultConfigurationIsVisible = 0;
			defaultConfigurationName = Release;
		};
		C0F96C862E6076DA00DBC146 /* Build configuration list for PBXNativeTarget "star-wars-simple-wikiUITests" */ = {
			isa = XCConfigurationList;
			buildConfigurations = (
				C0F96C872E6076DA00DBC146 /* Debug */,
				C0F96C882E6076DA00DBC146 /* Release */,
			);
			defaultConfigurationIsVisible = 0;
			defaultConfigurationName = Release;
		};
/* End XCConfigurationList section */

/* Begin XCRemoteSwiftPackageReference section */
		C0F96C892E6078EA00DBC146 /* XCRemoteSwiftPackageReference "Swinject" */ = {
			isa = XCRemoteSwiftPackageReference;
			repositoryURL = "https://github.com/Swinject/Swinject";
			requirement = {
				kind = upToNextMajorVersion;
				minimumVersion = 2.9.1;
			};
		};
		C0F96C8C2E60791700DBC146 /* XCRemoteSwiftPackageReference "OHHTTPStubs" */ = {
			isa = XCRemoteSwiftPackageReference;
			repositoryURL = "https://github.com/AliSoftware/OHHTTPStubs";
			requirement = {
				kind = upToNextMajorVersion;
				minimumVersion = 9.1.0;
			};
		};
		C0F96C912E60793000DBC146 /* XCRemoteSwiftPackageReference "Reachability" */ = {
			isa = XCRemoteSwiftPackageReference;
			repositoryURL = "https://github.com/ashleymills/Reachability.swift";
			requirement = {
				branch = master;
				kind = branch;
			};
		};
/* End XCRemoteSwiftPackageReference section */

/* Begin XCSwiftPackageProductDependency section */
		C0F96C8A2E6078EA00DBC146 /* Swinject */ = {
			isa = XCSwiftPackageProductDependency;
			package = C0F96C892E6078EA00DBC146 /* XCRemoteSwiftPackageReference "Swinject" */;
			productName = Swinject;
		};
		C0F96C8D2E60791700DBC146 /* OHHTTPStubs */ = {
			isa = XCSwiftPackageProductDependency;
			package = C0F96C8C2E60791700DBC146 /* XCRemoteSwiftPackageReference "OHHTTPStubs" */;
			productName = OHHTTPStubs;
		};
		C0F96C8F2E60791700DBC146 /* OHHTTPStubsSwift */ = {
			isa = XCSwiftPackageProductDependency;
			package = C0F96C8C2E60791700DBC146 /* XCRemoteSwiftPackageReference "OHHTTPStubs" */;
			productName = OHHTTPStubsSwift;
		};
/* End XCSwiftPackageProductDependency section */
	};
	rootObject = C0F96C572E6076D900DBC146 /* Project object */;
}
