{
  "originHash" : "32a5691705ac72da38063012ca6544700c24c761ec9161738d63cc15b190e729",
  "pins" : [
    {
      "identity" : "alamofire",
      "kind" : "remoteSourceControl",
      "location" : "https://github.com/Alamofire/Alamofire.git",
      "state" : {
        "revision" : "7595cbcf59809f9977c5f6378500de2ad73b7ddb",
        "version" : "5.12.0"
      }
    }
  ],
  "version" : 3
}
